
Microsoft Visual Studio Solution File, Format Version 12.00
# Visual Studio 14
VisualStudioVersion = 14.0.25420.1
MinimumVisualStudioVersion = 10.0.40219.1
Project("{FAE04EC0-301F-11D3-BF4B-00C04F79EFBC}") = "SistemaPOS", "SistemaPOS\SistemaPOS.csproj", "{8E75AC15-B058-491C-B87C-C99CEFACF2A7}"
EndProject
Project("{FAE04EC0-301F-11D3-BF4B-00C04F79EFBC}") = "Entidad", "Entidad\Entidad.csproj", "{4E5AB179-7770-441B-9057-F971D47C0403}"
EndProject
Project("{FAE04EC0-301F-11D3-BF4B-00C04F79EFBC}") = "Datos", "Datos\Datos.csproj", "{69563C7E-03C3-438F-A8A7-B9C1B900C955}"
EndProject
Project("{FAE04EC0-301F-11D3-BF4B-00C04F79EFBC}") = "LogicaNegocio", "LogicaNegocio\LogicaNegocio.csproj", "{99F211B0-126F-4B90-AAF4-50CE244A726F}"
EndProject
Global
	GlobalSection(SolutionConfigurationPlatforms) = preSolution
		Debug|Any CPU = Debug|Any CPU
		Release|Any CPU = Release|Any CPU
	EndGlobalSection
	GlobalSection(ProjectConfigurationPlatforms) = postSolution
		{8E75AC15-B058-491C-B87C-C99CEFACF2A7}.Debug|Any CPU.ActiveCfg = Debug|Any CPU
		{8E75AC15-B058-491C-B87C-C99CEFACF2A7}.Debug|Any CPU.Build.0 = Debug|Any CPU
		{8E75AC15-B058-491C-B87C-C99CEFACF2A7}.Release|Any CPU.ActiveCfg = Release|Any CPU
		{8E75AC15-B058-491C-B87C-C99CEFACF2A7}.Release|Any CPU.Build.0 = Release|Any CPU
		{4E5AB179-7770-441B-9057-F971D47C0403}.Debug|Any CPU.ActiveCfg = Debug|Any CPU
		{4E5AB179-7770-441B-9057-F971D47C0403}.Debug|Any CPU.Build.0 = Debug|Any CPU
		{4E5AB179-7770-441B-9057-F971D47C0403}.Release|Any CPU.ActiveCfg = Release|Any CPU
		{4E5AB179-7770-441B-9057-F971D47C0403}.Release|Any CPU.Build.0 = Release|Any CPU
		{69563C7E-03C3-438F-A8A7-B9C1B900C955}.Debug|Any CPU.ActiveCfg = Debug|Any CPU
		{69563C7E-03C3-438F-A8A7-B9C1B900C955}.Debug|Any CPU.Build.0 = Debug|Any CPU
		{69563C7E-03C3-438F-A8A7-B9C1B900C955}.Release|Any CPU.ActiveCfg = Release|Any CPU
		{69563C7E-03C3-438F-A8A7-B9C1B900C955}.Release|Any CPU.Build.0 = Release|Any CPU
		{99F211B0-126F-4B90-AAF4-50CE244A726F}.Debug|Any CPU.ActiveCfg = Debug|Any CPU
		{99F211B0-126F-4B90-AAF4-50CE244A726F}.Debug|Any CPU.Build.0 = Debug|Any CPU
		{99F211B0-126F-4B90-AAF4-50CE244A726F}.Release|Any CPU.ActiveCfg = Release|Any CPU
		{99F211B0-126F-4B90-AAF4-50CE244A726F}.Release|Any CPU.Build.0 = Release|Any CPU
	EndGlobalSection
	GlobalSection(SolutionProperties) = preSolution
		HideSolutionNode = FALSE
	EndGlobalSection
EndGlobal
